
Microsoft Visual Studio Solution File, Format Version 12.00
Project("{FAE04EC0-301F-11D3-BF4B-00C04F79EFBC}") = "CourseWork", "CourseWork.csproj", "{63CE3DB6-9D73-427F-9B0D-2F104EDE9D4E}"
EndProject
Global
	GlobalSection(SolutionConfigurationPlatforms) = preSolution
		Debug|Any CPU = Debug|Any CPU
		Release|Any CPU = Release|Any CPU
	EndGlobalSection
	GlobalSection(ProjectConfigurationPlatforms) = postSolution
		{63CE3DB6-9D73-427F-9B0D-2F104EDE9D4E}.Debug|Any CPU.ActiveCfg = Debug|Any CPU
		{63CE3DB6-9D73-427F-9B0D-2F104EDE9D4E}.Debug|Any CPU.Build.0 = Debug|Any CPU
		{63CE3DB6-9D73-427F-9B0D-2F104EDE9D4E}.Release|Any CPU.ActiveCfg = Release|Any CPU
		{63CE3DB6-9D73-427F-9B0D-2F104EDE9D4E}.Release|Any CPU.Build.0 = Release|Any CPU
	EndGlobalSection
EndGlobal
